# Generated by pub
# See https://dart.dev/tools/pub/glossary#lockfile
packages:
  acanthis:
    dependency: "direct main"
    description:
      name: acanthis
      sha256: f83a7bbdce1816b8de1a123744afbc8f64fe10814b81e48eafda3f3ce8ac3434
      url: "https://pub.dev"
    source: hosted
    version: "1.2.0"
  args:
    dependency: transitive
    description:
      name: args
      sha256: d0481093c50b1da8910eb0bb301626d4d8eb7284aa739614d2b394ee09e3ea04
      url: "https://pub.dev"
    source: hosted
    version: "2.7.0"
  async:
    dependency: transitive
    description:
      name: async
      sha256: "758e6d74e971c3e5aceb4110bfd6698efc7f501675bcfe0c775459a8140750eb"
      url: "https://pub.dev"
    source: hosted
    version: "2.13.0"
  buffer:
    dependency: transitive
    description:
      name: buffer
      sha256: "389da2ec2c16283c8787e0adaede82b1842102f8c8aae2f49003a766c5c6b3d1"
      url: "https://pub.dev"
    source: hosted
    version: "1.2.3"
  characters:
    dependency: transitive
    description:
      name: characters
      sha256: f71061c654a3380576a52b451dd5532377954cf9dbd272a78fc8479606670803
      url: "https://pub.dev"
    source: hosted
    version: "1.4.0"
  charcode:
    dependency: transitive
    description:
      name: charcode
      sha256: fb0f1107cac15a5ea6ef0a6ef71a807b9e4267c713bb93e00e92d737cc8dbd8a
      url: "https://pub.dev"
    source: hosted
    version: "1.4.0"
  cli_util:
    dependency: "direct main"
    description:
      name: cli_util
      sha256: ff6785f7e9e3c38ac98b2fb035701789de90154024a75b6cb926445e83197d1c
      url: "https://pub.dev"
    source: hosted
    version: "0.4.2"
  clock:
    dependency: transitive
    description:
      name: clock
      sha256: fddb70d9b5277016c77a80201021d40a2247104d9f4aa7bab7157b7e3f05b84b
      url: "https://pub.dev"
    source: hosted
    version: "1.1.2"
  collection:
    dependency: transitive
    description:
      name: collection
      sha256: "2f5709ae4d3d59dd8f7cd309b4e023046b57d8a6c82130785d2b0e5868084e76"
      url: "https://pub.dev"
    source: hosted
    version: "1.19.1"
  crypto:
    dependency: transitive
    description:
      name: crypto
      sha256: "1e445881f28f22d6140f181e07737b22f1e099a5e1ff94b0af2f9e4a463f4855"
      url: "https://pub.dev"
    source: hosted
    version: "3.0.6"
  dartx:
    dependency: "direct main"
    description:
      name: dartx
      sha256: "8b25435617027257d43e6508b5fe061012880ddfdaa75a71d607c3de2a13d244"
      url: "https://pub.dev"
    source: hosted
    version: "1.2.0"
  dotenv:
    dependency: "direct main"
    description:
      name: dotenv
      sha256: "379e64b6fc82d3df29461d349a1796ecd2c436c480d4653f3af6872eccbc90e1"
      url: "https://pub.dev"
    source: hosted
    version: "4.2.0"
  email_validator:
    dependency: transitive
    description:
      name: email_validator
      sha256: b19aa5d92fdd76fbc65112060c94d45ba855105a28bb6e462de7ff03b12fa1fb
      url: "https://pub.dev"
    source: hosted
    version: "3.0.0"
  fast_immutable_collections:
    dependency: transitive
    description:
      name: fast_immutable_collections
      sha256: d1aa3d7788fab06cce7f303f4969c7a16a10c865e1bd2478291a8ebcbee084e5
      url: "https://pub.dev"
    source: hosted
    version: "11.0.4"
  ffi:
    dependency: transitive
    description:
      name: ffi
      sha256: "289279317b4b16eb2bb7e271abccd4bf84ec9bdcbe999e278a94b804f5630418"
      url: "https://pub.dev"
    source: hosted
    version: "2.1.4"
  fixnum:
    dependency: transitive
    description:
      name: fixnum
      sha256: b6dc7065e46c974bc7c5f143080a6764ec7a4be6da1285ececdc37be96de53be
      url: "https://pub.dev"
    source: hosted
    version: "1.1.1"
  lints:
    dependency: "direct dev"
    description:
      name: lints
      sha256: c35bb79562d980e9a453fc715854e1ed39e24e7d0297a880ef54e17f9874a9d7
      url: "https://pub.dev"
    source: hosted
    version: "5.1.1"
  lucore:
    dependency: "direct main"
    description:
      path: "libs/lunart_core"
      ref: main
      resolved-ref: d9a7e53ef4274e264dea4c73f9a0148350e27262
      url: "https://github.com/fuzzknob/lunart.git"
    source: git
    version: "0.0.1"
  luex:
    dependency: "direct main"
    description:
      path: "libs/lunart_express"
      ref: main
      resolved-ref: d9a7e53ef4274e264dea4c73f9a0148350e27262
      url: "https://github.com/fuzzknob/lunart.git"
    source: git
    version: "0.0.1"
  meta:
    dependency: transitive
    description:
      name: meta
      sha256: e3641ec5d63ebf0d9b41bd43201a66e3fc79a65db5f61fc181f04cd27aab950c
      url: "https://pub.dev"
    source: hosted
    version: "1.16.0"
  mime:
    dependency: transitive
    description:
      name: mime
      sha256: "41a20518f0cb1256669420fdba0cd90d21561e560ac240f26ef8322e45bb7ed6"
      url: "https://pub.dev"
    source: hosted
    version: "2.0.0"
  nanoid2:
    dependency: transitive
    description:
      name: nanoid2
      sha256: "35b5048f836652a1d711db0d716bdee59fcaaa4c37792db8b3568da4f7feb2f9"
      url: "https://pub.dev"
    source: hosted
    version: "2.0.1"
  path:
    dependency: transitive
    description:
      name: path
      sha256: "75cca69d1490965be98c73ceaea117e8a04dd21217b37b292c9ddbec0d955bc5"
      url: "https://pub.dev"
    source: hosted
    version: "1.9.1"
  pool:
    dependency: transitive
    description:
      name: pool
      sha256: "20fe868b6314b322ea036ba325e6fc0711a22948856475e2c2b6306e8ab39c2a"
      url: "https://pub.dev"
    source: hosted
    version: "1.5.1"
  postgres:
    dependency: transitive
    description:
      name: postgres
      sha256: "9aaa6f4872956adef653535a4e2133b167465c1a68c22b9bd0744ef1244e9393"
      url: "https://pub.dev"
    source: hosted
    version: "3.5.6"
  sasl_scram:
    dependency: transitive
    description:
      name: sasl_scram
      sha256: a47207a436eb650f8fdcf54a2e2587b850dc3caef9973ce01f332b07a6fc9cb9
      url: "https://pub.dev"
    source: hosted
    version: "0.1.1"
  saslprep:
    dependency: transitive
    description:
      name: saslprep
      sha256: "3d421d10be9513bf4459c17c5e70e7b8bc718c9fc5ad4ba5eb4f5fd27396f740"
      url: "https://pub.dev"
    source: hosted
    version: "1.0.3"
  sprintf:
    dependency: transitive
    description:
      name: sprintf
      sha256: "1fc9ffe69d4df602376b52949af107d8f5703b77cda567c4d7d86a0693120f23"
      url: "https://pub.dev"
    source: hosted
    version: "7.0.0"
  sqlite3:
    dependency: transitive
    description:
      name: sqlite3
      sha256: "310af39c40dd0bb2058538333c9d9840a2725ae0b9f77e4fd09ad6696aa8f66e"
      url: "https://pub.dev"
    source: hosted
    version: "2.7.5"
  stack_trace:
    dependency: transitive
    description:
      name: stack_trace
      sha256: "8b27215b45d22309b5cddda1aa2b19bdfec9df0e765f2de506401c071d38d1b1"
      url: "https://pub.dev"
    source: hosted
    version: "1.12.1"
  stream_channel:
    dependency: transitive
    description:
      name: stream_channel
      sha256: "969e04c80b8bcdf826f8f16579c7b14d780458bd97f56d107d3950fdbeef059d"
      url: "https://pub.dev"
    source: hosted
    version: "2.1.4"
  time:
    dependency: transitive
    description:
      name: time
      sha256: "370572cf5d1e58adcb3e354c47515da3f7469dac3a95b447117e728e7be6f461"
      url: "https://pub.dev"
    source: hosted
    version: "2.1.5"
  typed_data:
    dependency: transitive
    description:
      name: typed_data
      sha256: f9049c039ebfeb4cf7a7104a675823cd72dba8297f264b6637062516699fa006
      url: "https://pub.dev"
    source: hosted
    version: "1.4.0"
  unorm_dart:
    dependency: transitive
    description:
      name: unorm_dart
      sha256: "23d8bf65605401a6a32cff99435fed66ef3dab3ddcad3454059165df46496a3b"
      url: "https://pub.dev"
    source: hosted
    version: "0.3.0"
  uuid:
    dependency: "direct main"
    description:
      name: uuid
      sha256: a5be9ef6618a7ac1e964353ef476418026db906c4facdedaa299b7a2e71690ff
      url: "https://pub.dev"
    source: hosted
    version: "4.5.1"
  web:
    dependency: transitive
    description:
      name: web
      sha256: "868d88a33d8a87b18ffc05f9f030ba328ffefba92d6c127917a2ba740f9cfe4a"
      url: "https://pub.dev"
    source: hosted
    version: "1.1.1"
sdks:
  dart: ">=3.7.2 <4.0.0"
